
Microsoft Visual Studio Solution File, Format Version 12.00
# Visual Studio Version 17
VisualStudioVersion = 17.10.35004.147
MinimumVisualStudioVersion = 10.0.40219.1
Project("{9A19103F-16F7-4668-BE54-9A1E7A4F7556}") = "CodeMetrics", "CodeMetrics\CodeMetrics.csproj", "{DFC0862F-17F7-484B-9536-2846D37DEFE4}"
EndProject
Global
	GlobalSection(SolutionConfigurationPlatforms) = preSolution
		Debug|Any CPU = Debug|Any CPU
		Release|Any CPU = Release|Any CPU
	EndGlobalSection
	GlobalSection(ProjectConfigurationPlatforms) = postSolution
		{DFC0862F-17F7-484B-9536-2846D37DEFE4}.Debug|Any CPU.ActiveCfg = Debug|Any CPU
		{DFC0862F-17F7-484B-9536-2846D37DEFE4}.Debug|Any CPU.Build.0 = Debug|Any CPU
		{DFC0862F-17F7-484B-9536-2846D37DEFE4}.Release|Any CPU.ActiveCfg = Release|Any CPU
		{DFC0862F-17F7-484B-9536-2846D37DEFE4}.Release|Any CPU.Build.0 = Release|Any CPU
	EndGlobalSection
	GlobalSection(SolutionProperties) = preSolution
		HideSolutionNode = FALSE
	EndGlobalSection
	GlobalSection(ExtensibilityGlobals) = postSolution
		SolutionGuid = {426EDD65-26F2-4C22-B481-E400156D5D00}
	EndGlobalSection
EndGlobal
